
Microsoft Visual Studio Solution File, Format Version 12.00
# Visual Studio Version 17
VisualStudioVersion = 17.5.33516.290
MinimumVisualStudioVersion = 10.0.40219.1
Project("{FAE04EC0-301F-11D3-BF4B-00C04F79EFBC}") = "Afleveringsopgave 0  - Halløj Verden", "Afleveringsopgave 0  - Halløj Verden\Afleveringsopgave 0  - Halløj Verden.csproj", "{E2AD4B58-8ED5-4A71-8FBE-3855BB315363}"
EndProject
Global
	GlobalSection(SolutionConfigurationPlatforms) = preSolution
		Debug|Any CPU = Debug|Any CPU
		Release|Any CPU = Release|Any CPU
	EndGlobalSection
	GlobalSection(ProjectConfigurationPlatforms) = postSolution
		{E2AD4B58-8ED5-4A71-8FBE-3855BB315363}.Debug|Any CPU.ActiveCfg = Debug|Any CPU
		{E2AD4B58-8ED5-4A71-8FBE-3855BB315363}.Debug|Any CPU.Build.0 = Debug|Any CPU
		{E2AD4B58-8ED5-4A71-8FBE-3855BB315363}.Release|Any CPU.ActiveCfg = Release|Any CPU
		{E2AD4B58-8ED5-4A71-8FBE-3855BB315363}.Release|Any CPU.Build.0 = Release|Any CPU
	EndGlobalSection
	GlobalSection(SolutionProperties) = preSolution
		HideSolutionNode = FALSE
	EndGlobalSection
	GlobalSection(ExtensibilityGlobals) = postSolution
		SolutionGuid = {A954F6B4-D9B8-44D7-8B26-7C70E446257F}
	EndGlobalSection
EndGlobal
