
Microsoft Visual Studio Solution File, Format Version 12.00
# Visual Studio Version 17
VisualStudioVersion = 17.5.33516.290
MinimumVisualStudioVersion = 10.0.40219.1
Project("{FAE04EC0-301F-11D3-BF4B-00C04F79EFBC}") = "afl_opgave3_loops", "afl_opgave3_loops\afl_opgave3_loops.csproj", "{531ED284-5961-4195-AB7A-0F5B312EAA42}"
EndProject
Global
	GlobalSection(SolutionConfigurationPlatforms) = preSolution
		Debug|Any CPU = Debug|Any CPU
		Release|Any CPU = Release|Any CPU
	EndGlobalSection
	GlobalSection(ProjectConfigurationPlatforms) = postSolution
		{531ED284-5961-4195-AB7A-0F5B312EAA42}.Debug|Any CPU.ActiveCfg = Debug|Any CPU
		{531ED284-5961-4195-AB7A-0F5B312EAA42}.Debug|Any CPU.Build.0 = Debug|Any CPU
		{531ED284-5961-4195-AB7A-0F5B312EAA42}.Release|Any CPU.ActiveCfg = Release|Any CPU
		{531ED284-5961-4195-AB7A-0F5B312EAA42}.Release|Any CPU.Build.0 = Release|Any CPU
	EndGlobalSection
	GlobalSection(SolutionProperties) = preSolution
		HideSolutionNode = FALSE
	EndGlobalSection
	GlobalSection(ExtensibilityGlobals) = postSolution
		SolutionGuid = {28C610B9-730C-4971-9701-92FF003B7D72}
	EndGlobalSection
EndGlobal
