
Microsoft Visual Studio Solution File, Format Version 12.00
# Visual Studio Version 17
VisualStudioVersion = 17.5.33516.290
MinimumVisualStudioVersion = 10.0.40219.1
Project("{FAE04EC0-301F-11D3-BF4B-00C04F79EFBC}") = "afl_opgave0_hello", "afl_opgave0_hello\afl_opgave0_hello.csproj", "{71787F25-5057-4A9E-8243-2A43E946FE2B}"
EndProject
Global
	GlobalSection(SolutionConfigurationPlatforms) = preSolution
		Debug|Any CPU = Debug|Any CPU
		Release|Any CPU = Release|Any CPU
	EndGlobalSection
	GlobalSection(ProjectConfigurationPlatforms) = postSolution
		{71787F25-5057-4A9E-8243-2A43E946FE2B}.Debug|Any CPU.ActiveCfg = Debug|Any CPU
		{71787F25-5057-4A9E-8243-2A43E946FE2B}.Debug|Any CPU.Build.0 = Debug|Any CPU
		{71787F25-5057-4A9E-8243-2A43E946FE2B}.Release|Any CPU.ActiveCfg = Release|Any CPU
		{71787F25-5057-4A9E-8243-2A43E946FE2B}.Release|Any CPU.Build.0 = Release|Any CPU
	EndGlobalSection
	GlobalSection(SolutionProperties) = preSolution
		HideSolutionNode = FALSE
	EndGlobalSection
	GlobalSection(ExtensibilityGlobals) = postSolution
		SolutionGuid = {988EE719-802C-459E-9C0E-3CB57542D904}
	EndGlobalSection
EndGlobal
