
Microsoft Visual Studio Solution File, Format Version 12.00
# Visual Studio Version 17
VisualStudioVersion = 17.5.33516.290
MinimumVisualStudioVersion = 10.0.40219.1
Project("{FAE04EC0-301F-11D3-BF4B-00C04F79EFBC}") = "afl_opgave5_metoder", "afl_opgave5_metoder\afl_opgave5_metoder.csproj", "{EA127C05-7E3C-4634-BE8D-6E4FFA36B5E5}"
EndProject
Global
	GlobalSection(SolutionConfigurationPlatforms) = preSolution
		Debug|Any CPU = Debug|Any CPU
		Release|Any CPU = Release|Any CPU
	EndGlobalSection
	GlobalSection(ProjectConfigurationPlatforms) = postSolution
		{EA127C05-7E3C-4634-BE8D-6E4FFA36B5E5}.Debug|Any CPU.ActiveCfg = Debug|Any CPU
		{EA127C05-7E3C-4634-BE8D-6E4FFA36B5E5}.Debug|Any CPU.Build.0 = Debug|Any CPU
		{EA127C05-7E3C-4634-BE8D-6E4FFA36B5E5}.Release|Any CPU.ActiveCfg = Release|Any CPU
		{EA127C05-7E3C-4634-BE8D-6E4FFA36B5E5}.Release|Any CPU.Build.0 = Release|Any CPU
	EndGlobalSection
	GlobalSection(SolutionProperties) = preSolution
		HideSolutionNode = FALSE
	EndGlobalSection
	GlobalSection(ExtensibilityGlobals) = postSolution
		SolutionGuid = {4B583EA3-C288-467C-9A0D-35DF6C5B1B0A}
	EndGlobalSection
EndGlobal
