
Microsoft Visual Studio Solution File, Format Version 12.00
# Visual Studio Version 17
VisualStudioVersion = 17.5.33516.290
MinimumVisualStudioVersion = 10.0.40219.1
Project("{FAE04EC0-301F-11D3-BF4B-00C04F79EFBC}") = "afl_opgave7_ekstravar", "afl_opgave7_ekstravar\afl_opgave7_ekstravar.csproj", "{F611FB0C-DFBA-4628-978A-5E6F303DB79E}"
EndProject
Global
	GlobalSection(SolutionConfigurationPlatforms) = preSolution
		Debug|Any CPU = Debug|Any CPU
		Release|Any CPU = Release|Any CPU
	EndGlobalSection
	GlobalSection(ProjectConfigurationPlatforms) = postSolution
		{F611FB0C-DFBA-4628-978A-5E6F303DB79E}.Debug|Any CPU.ActiveCfg = Debug|Any CPU
		{F611FB0C-DFBA-4628-978A-5E6F303DB79E}.Debug|Any CPU.Build.0 = Debug|Any CPU
		{F611FB0C-DFBA-4628-978A-5E6F303DB79E}.Release|Any CPU.ActiveCfg = Release|Any CPU
		{F611FB0C-DFBA-4628-978A-5E6F303DB79E}.Release|Any CPU.Build.0 = Release|Any CPU
	EndGlobalSection
	GlobalSection(SolutionProperties) = preSolution
		HideSolutionNode = FALSE
	EndGlobalSection
	GlobalSection(ExtensibilityGlobals) = postSolution
		SolutionGuid = {933FFEFC-504C-4F8D-8904-1A145B64FDD2}
	EndGlobalSection
EndGlobal
