
Microsoft Visual Studio Solution File, Format Version 12.00
# Visual Studio Version 17
VisualStudioVersion = 17.5.33627.172
MinimumVisualStudioVersion = 10.0.40219.1
Project("{FAE04EC0-301F-11D3-BF4B-00C04F79EFBC}") = "afl_opg7_lille_tabel", "afl_opg7_lille_tabel\afl_opg7_lille_tabel.csproj", "{4563EAED-2839-42AB-AC15-197D899458B5}"
EndProject
Global
	GlobalSection(SolutionConfigurationPlatforms) = preSolution
		Debug|Any CPU = Debug|Any CPU
		Release|Any CPU = Release|Any CPU
	EndGlobalSection
	GlobalSection(ProjectConfigurationPlatforms) = postSolution
		{4563EAED-2839-42AB-AC15-197D899458B5}.Debug|Any CPU.ActiveCfg = Debug|Any CPU
		{4563EAED-2839-42AB-AC15-197D899458B5}.Debug|Any CPU.Build.0 = Debug|Any CPU
		{4563EAED-2839-42AB-AC15-197D899458B5}.Release|Any CPU.ActiveCfg = Release|Any CPU
		{4563EAED-2839-42AB-AC15-197D899458B5}.Release|Any CPU.Build.0 = Release|Any CPU
	EndGlobalSection
	GlobalSection(SolutionProperties) = preSolution
		HideSolutionNode = FALSE
	EndGlobalSection
	GlobalSection(ExtensibilityGlobals) = postSolution
		SolutionGuid = {555865B0-3F6F-466E-942E-0B6AF3E68FB5}
	EndGlobalSection
EndGlobal
